
Microsoft Visual Studio Solution File, Format Version 12.00
# Visual Studio Version 17
VisualStudioVersion = 17.7.34024.191
MinimumVisualStudioVersion = 10.0.40219.1
Project("{2150E333-8FDC-42A3-9474-1A3956D46DE8}") = "Presentation", "Presentation", "{B1DA46B6-4BA3-48C5-9870-F2CCC725C1EE}"
EndProject
Project("{FAE04EC0-301F-11D3-BF4B-00C04F79EFBC}") = "TCC.UI.Web", "src\TCC.UI.Web\TCC.UI.Web.csproj", "{F669E2DE-10DB-4B90-9831-456C5AD4D292}"
EndProject
Global
	GlobalSection(SolutionConfigurationPlatforms) = preSolution
		Debug|Any CPU = Debug|Any CPU
		Release|Any CPU = Release|Any CPU
	EndGlobalSection
	GlobalSection(ProjectConfigurationPlatforms) = postSolution
		{F669E2DE-10DB-4B90-9831-456C5AD4D292}.Debug|Any CPU.ActiveCfg = Debug|Any CPU
		{F669E2DE-10DB-4B90-9831-456C5AD4D292}.Debug|Any CPU.Build.0 = Debug|Any CPU
		{F669E2DE-10DB-4B90-9831-456C5AD4D292}.Release|Any CPU.ActiveCfg = Release|Any CPU
		{F669E2DE-10DB-4B90-9831-456C5AD4D292}.Release|Any CPU.Build.0 = Release|Any CPU
	EndGlobalSection
	GlobalSection(SolutionProperties) = preSolution
		HideSolutionNode = FALSE
	EndGlobalSection
	GlobalSection(NestedProjects) = preSolution
		{F669E2DE-10DB-4B90-9831-456C5AD4D292} = {B1DA46B6-4BA3-48C5-9870-F2CCC725C1EE}
	EndGlobalSection
	GlobalSection(ExtensibilityGlobals) = postSolution
		SolutionGuid = {76522A28-FF5A-4B6B-815B-FD9495690425}
	EndGlobalSection
EndGlobal
