
Microsoft Visual Studio Solution File, Format Version 12.00
# Visual Studio Version 17
VisualStudioVersion = 17.7.34024.191
MinimumVisualStudioVersion = 10.0.40219.1
Project("{FAE04EC0-301F-11D3-BF4B-00C04F79EFBC}") = "TCC", "TCC.csproj", "{1689BF0E-4C7A-4392-B006-D24656452683}"
EndProject
Global
	GlobalSection(SolutionConfigurationPlatforms) = preSolution
		Debug|Any CPU = Debug|Any CPU
		Release|Any CPU = Release|Any CPU
	EndGlobalSection
	GlobalSection(ProjectConfigurationPlatforms) = postSolution
		{1689BF0E-4C7A-4392-B006-D24656452683}.Debug|Any CPU.ActiveCfg = Debug|Any CPU
		{1689BF0E-4C7A-4392-B006-D24656452683}.Debug|Any CPU.Build.0 = Debug|Any CPU
		{1689BF0E-4C7A-4392-B006-D24656452683}.Release|Any CPU.ActiveCfg = Release|Any CPU
		{1689BF0E-4C7A-4392-B006-D24656452683}.Release|Any CPU.Build.0 = Release|Any CPU
	EndGlobalSection
	GlobalSection(SolutionProperties) = preSolution
		HideSolutionNode = FALSE
	EndGlobalSection
	GlobalSection(ExtensibilityGlobals) = postSolution
		SolutionGuid = {76522A28-FF5A-4B6B-815B-FD9495690425}
	EndGlobalSection
EndGlobal
