
Microsoft Visual Studio Solution File, Format Version 12.00
# Visual Studio Version 17
VisualStudioVersion = 17.7.34024.191
MinimumVisualStudioVersion = 10.0.40219.1
Project("{9A19103F-16F7-4668-BE54-9A1E7A4F7556}") = "TCC.UI.Web", "TCC.UI.Web.csproj", "{1689BF0E-4C7A-4392-B006-D24656452683}"
EndProject
Project("{FAE04EC0-301F-11D3-BF4B-00C04F79EFBC}") = "TCC.Infra.Data", "..\TCC.Infra.Data\TCC.Infra.Data.csproj", "{271C01F9-B04E-49C5-89E6-A5676F7B05C3}"
EndProject
Project("{2150E333-8FDC-42A3-9474-1A3956D46DE8}") = "Presentation", "Presentation", "{71F459AE-560C-442A-AC95-668BE6360961}"
EndProject
Project("{2150E333-8FDC-42A3-9474-1A3956D46DE8}") = "Services", "Services", "{EECFFA53-0BBA-4FF1-B4D2-7CC652BE55D2}"
EndProject
Project("{2150E333-8FDC-42A3-9474-1A3956D46DE8}") = "Application", "Application", "{1E3625F7-37C3-40F2-BD71-17F00AE69C87}"
EndProject
Project("{2150E333-8FDC-42A3-9474-1A3956D46DE8}") = "Domain", "Domain", "{E04D9317-B562-4EFD-A03A-0699DED2EF18}"
EndProject
Project("{2150E333-8FDC-42A3-9474-1A3956D46DE8}") = "Infra", "Infra", "{D0026A09-9126-4432-A624-33D0BD089937}"
EndProject
Project("{FAE04EC0-301F-11D3-BF4B-00C04F79EFBC}") = "TCC.Domain", "..\TCC.Domain\TCC.Domain.csproj", "{230DECF6-B6DF-4F6A-A1BE-E0DEB7F6331D}"
EndProject
Project("{FAE04EC0-301F-11D3-BF4B-00C04F79EFBC}") = "TCC.Application", "..\TCC.Application\TCC.Application.csproj", "{EB58C611-CC69-45D1-8BBC-0FECF89ED777}"
EndProject
Project("{FAE04EC0-301F-11D3-BF4B-00C04F79EFBC}") = "TCC.Services.Api", "..\TCC.Services.Api\TCC.Services.Api.csproj", "{1C91090C-2D24-4FC5-9CCF-AD8C3F580B6E}"
EndProject
Global
	GlobalSection(SolutionConfigurationPlatforms) = preSolution
		Debug|Any CPU = Debug|Any CPU
		Release|Any CPU = Release|Any CPU
	EndGlobalSection
	GlobalSection(ProjectConfigurationPlatforms) = postSolution
		{1689BF0E-4C7A-4392-B006-D24656452683}.Debug|Any CPU.ActiveCfg = Debug|Any CPU
		{1689BF0E-4C7A-4392-B006-D24656452683}.Debug|Any CPU.Build.0 = Debug|Any CPU
		{1689BF0E-4C7A-4392-B006-D24656452683}.Release|Any CPU.ActiveCfg = Release|Any CPU
		{1689BF0E-4C7A-4392-B006-D24656452683}.Release|Any CPU.Build.0 = Release|Any CPU
		{271C01F9-B04E-49C5-89E6-A5676F7B05C3}.Debug|Any CPU.ActiveCfg = Debug|Any CPU
		{271C01F9-B04E-49C5-89E6-A5676F7B05C3}.Debug|Any CPU.Build.0 = Debug|Any CPU
		{271C01F9-B04E-49C5-89E6-A5676F7B05C3}.Release|Any CPU.ActiveCfg = Release|Any CPU
		{271C01F9-B04E-49C5-89E6-A5676F7B05C3}.Release|Any CPU.Build.0 = Release|Any CPU
		{230DECF6-B6DF-4F6A-A1BE-E0DEB7F6331D}.Debug|Any CPU.ActiveCfg = Debug|Any CPU
		{230DECF6-B6DF-4F6A-A1BE-E0DEB7F6331D}.Debug|Any CPU.Build.0 = Debug|Any CPU
		{230DECF6-B6DF-4F6A-A1BE-E0DEB7F6331D}.Release|Any CPU.ActiveCfg = Release|Any CPU
		{230DECF6-B6DF-4F6A-A1BE-E0DEB7F6331D}.Release|Any CPU.Build.0 = Release|Any CPU
		{EB58C611-CC69-45D1-8BBC-0FECF89ED777}.Debug|Any CPU.ActiveCfg = Debug|Any CPU
		{EB58C611-CC69-45D1-8BBC-0FECF89ED777}.Debug|Any CPU.Build.0 = Debug|Any CPU
		{EB58C611-CC69-45D1-8BBC-0FECF89ED777}.Release|Any CPU.ActiveCfg = Release|Any CPU
		{EB58C611-CC69-45D1-8BBC-0FECF89ED777}.Release|Any CPU.Build.0 = Release|Any CPU
		{1C91090C-2D24-4FC5-9CCF-AD8C3F580B6E}.Debug|Any CPU.ActiveCfg = Debug|Any CPU
		{1C91090C-2D24-4FC5-9CCF-AD8C3F580B6E}.Debug|Any CPU.Build.0 = Debug|Any CPU
		{1C91090C-2D24-4FC5-9CCF-AD8C3F580B6E}.Release|Any CPU.ActiveCfg = Release|Any CPU
		{1C91090C-2D24-4FC5-9CCF-AD8C3F580B6E}.Release|Any CPU.Build.0 = Release|Any CPU
	EndGlobalSection
	GlobalSection(SolutionProperties) = preSolution
		HideSolutionNode = FALSE
	EndGlobalSection
	GlobalSection(NestedProjects) = preSolution
		{1689BF0E-4C7A-4392-B006-D24656452683} = {71F459AE-560C-442A-AC95-668BE6360961}
		{271C01F9-B04E-49C5-89E6-A5676F7B05C3} = {D0026A09-9126-4432-A624-33D0BD089937}
		{230DECF6-B6DF-4F6A-A1BE-E0DEB7F6331D} = {E04D9317-B562-4EFD-A03A-0699DED2EF18}
		{EB58C611-CC69-45D1-8BBC-0FECF89ED777} = {1E3625F7-37C3-40F2-BD71-17F00AE69C87}
		{1C91090C-2D24-4FC5-9CCF-AD8C3F580B6E} = {EECFFA53-0BBA-4FF1-B4D2-7CC652BE55D2}
	EndGlobalSection
	GlobalSection(ExtensibilityGlobals) = postSolution
		SolutionGuid = {76522A28-FF5A-4B6B-815B-FD9495690425}
	EndGlobalSection
EndGlobal
